
Microsoft Visual Studio Solution File, Format Version 12.00
# Visual Studio 15
Project("{FAE04EC0-301F-11D3-BF4B-00C04F79EFBC}") = "Curso Vuforia", "Curso Vuforia.csproj", "{2FDF9B1F-ACF6-2872-5E57-F58A2CB8BE9E}"
EndProject
Project("{FAE04EC0-301F-11D3-BF4B-00C04F79EFBC}") = "Curso Vuforia.Editor", "Curso Vuforia.Editor.csproj", "{5FBF4399-13C4-08A2-8D26-01AEC327F765}"
EndProject
Global
	GlobalSection(SolutionConfigurationPlatforms) = preSolution
		Debug|Any CPU = Debug|Any CPU
		Release|Any CPU = Release|Any CPU
	EndGlobalSection
	GlobalSection(ProjectConfigurationPlatforms) = postSolution
		{2FDF9B1F-ACF6-2872-5E57-F58A2CB8BE9E}.Debug|Any CPU.ActiveCfg = Debug|Any CPU
		{2FDF9B1F-ACF6-2872-5E57-F58A2CB8BE9E}.Debug|Any CPU.Build.0 = Debug|Any CPU
		{2FDF9B1F-ACF6-2872-5E57-F58A2CB8BE9E}.Release|Any CPU.ActiveCfg = Release|Any CPU
		{2FDF9B1F-ACF6-2872-5E57-F58A2CB8BE9E}.Release|Any CPU.Build.0 = Release|Any CPU
		{5FBF4399-13C4-08A2-8D26-01AEC327F765}.Debug|Any CPU.ActiveCfg = Debug|Any CPU
		{5FBF4399-13C4-08A2-8D26-01AEC327F765}.Debug|Any CPU.Build.0 = Debug|Any CPU
		{5FBF4399-13C4-08A2-8D26-01AEC327F765}.Release|Any CPU.ActiveCfg = Release|Any CPU
		{5FBF4399-13C4-08A2-8D26-01AEC327F765}.Release|Any CPU.Build.0 = Release|Any CPU
	EndGlobalSection
	GlobalSection(SolutionProperties) = preSolution
		HideSolutionNode = FALSE
	EndGlobalSection
EndGlobal
